
Microsoft Visual Studio Solution File, Format Version 12.00
# Visual Studio 15
VisualStudioVersion = 15.0.27428.2015
MinimumVisualStudioVersion = 10.0.40219.1
Project("{D954291E-2A0B-460D-934E-DC6B0785DB48}") = "SharedProject", "SharedProject\SharedProject.shproj", "{F3F26082-0C6D-4B3F-A2A1-8FF7179D10F3}"
EndProject
Project("{FAE04EC0-301F-11D3-BF4B-00C04F79EFBC}") = "AndroidApp", "App1\AndroidApp.csproj", "{549C45B4-D6B6-4BBE-94D6-06B196BD6F67}"
EndProject
Project("{FAE04EC0-301F-11D3-BF4B-00C04F79EFBC}") = "iOSApp", "iOSApp\iOSApp.csproj", "{28DD014E-D8B8-4AF5-856F-5D1D378B71C1}"
EndProject
Project("{FAE04EC0-301F-11D3-BF4B-00C04F79EFBC}") = "ConsoleApp", "ConsoleApp1\ConsoleApp.csproj", "{3DF47E33-D15D-4166-8B49-BC3F46D11C2C}"
EndProject
Global
	GlobalSection(SharedMSBuildProjectFiles) = preSolution
		SharedProject\SharedProject.projitems*{28dd014e-d8b8-4af5-856f-5d1d378b71c1}*SharedItemsImports = 4
		SharedProject\SharedProject.projitems*{549c45b4-d6b6-4bbe-94d6-06b196bd6f67}*SharedItemsImports = 4
		SharedProject\SharedProject.projitems*{f3f26082-0c6d-4b3f-a2a1-8ff7179d10f3}*SharedItemsImports = 13
	EndGlobalSection
	GlobalSection(SolutionConfigurationPlatforms) = preSolution
		Debug|Any CPU = Debug|Any CPU
		Debug|iPhone = Debug|iPhone
		Debug|iPhoneSimulator = Debug|iPhoneSimulator
		Release|Any CPU = Release|Any CPU
		Release|iPhone = Release|iPhone
		Release|iPhoneSimulator = Release|iPhoneSimulator
	EndGlobalSection
	GlobalSection(ProjectConfigurationPlatforms) = postSolution
		{549C45B4-D6B6-4BBE-94D6-06B196BD6F67}.Debug|Any CPU.ActiveCfg = Debug|Any CPU
		{549C45B4-D6B6-4BBE-94D6-06B196BD6F67}.Debug|Any CPU.Build.0 = Debug|Any CPU
		{549C45B4-D6B6-4BBE-94D6-06B196BD6F67}.Debug|Any CPU.Deploy.0 = Debug|Any CPU
		{549C45B4-D6B6-4BBE-94D6-06B196BD6F67}.Debug|iPhone.ActiveCfg = Debug|Any CPU
		{549C45B4-D6B6-4BBE-94D6-06B196BD6F67}.Debug|iPhone.Build.0 = Debug|Any CPU
		{549C45B4-D6B6-4BBE-94D6-06B196BD6F67}.Debug|iPhone.Deploy.0 = Debug|Any CPU
		{549C45B4-D6B6-4BBE-94D6-06B196BD6F67}.Debug|iPhoneSimulator.ActiveCfg = Debug|Any CPU
		{549C45B4-D6B6-4BBE-94D6-06B196BD6F67}.Debug|iPhoneSimulator.Build.0 = Debug|Any CPU
		{549C45B4-D6B6-4BBE-94D6-06B196BD6F67}.Debug|iPhoneSimulator.Deploy.0 = Debug|Any CPU
		{549C45B4-D6B6-4BBE-94D6-06B196BD6F67}.Release|Any CPU.ActiveCfg = Release|Any CPU
		{549C45B4-D6B6-4BBE-94D6-06B196BD6F67}.Release|Any CPU.Build.0 = Release|Any CPU
		{549C45B4-D6B6-4BBE-94D6-06B196BD6F67}.Release|Any CPU.Deploy.0 = Release|Any CPU
		{549C45B4-D6B6-4BBE-94D6-06B196BD6F67}.Release|iPhone.ActiveCfg = Release|Any CPU
		{549C45B4-D6B6-4BBE-94D6-06B196BD6F67}.Release|iPhone.Build.0 = Release|Any CPU
		{549C45B4-D6B6-4BBE-94D6-06B196BD6F67}.Release|iPhone.Deploy.0 = Release|Any CPU
		{549C45B4-D6B6-4BBE-94D6-06B196BD6F67}.Release|iPhoneSimulator.ActiveCfg = Release|Any CPU
		{549C45B4-D6B6-4BBE-94D6-06B196BD6F67}.Release|iPhoneSimulator.Build.0 = Release|Any CPU
		{549C45B4-D6B6-4BBE-94D6-06B196BD6F67}.Release|iPhoneSimulator.Deploy.0 = Release|Any CPU
		{28DD014E-D8B8-4AF5-856F-5D1D378B71C1}.Debug|Any CPU.ActiveCfg = Debug|iPhone
		{28DD014E-D8B8-4AF5-856F-5D1D378B71C1}.Debug|iPhone.ActiveCfg = Debug|iPhone
		{28DD014E-D8B8-4AF5-856F-5D1D378B71C1}.Debug|iPhone.Build.0 = Debug|iPhone
		{28DD014E-D8B8-4AF5-856F-5D1D378B71C1}.Debug|iPhoneSimulator.ActiveCfg = Debug|iPhoneSimulator
		{28DD014E-D8B8-4AF5-856F-5D1D378B71C1}.Debug|iPhoneSimulator.Build.0 = Debug|iPhoneSimulator
		{28DD014E-D8B8-4AF5-856F-5D1D378B71C1}.Release|Any CPU.ActiveCfg = Release|iPhone
		{28DD014E-D8B8-4AF5-856F-5D1D378B71C1}.Release|iPhone.ActiveCfg = Release|iPhone
		{28DD014E-D8B8-4AF5-856F-5D1D378B71C1}.Release|iPhone.Build.0 = Release|iPhone
		{28DD014E-D8B8-4AF5-856F-5D1D378B71C1}.Release|iPhoneSimulator.ActiveCfg = Release|iPhoneSimulator
		{28DD014E-D8B8-4AF5-856F-5D1D378B71C1}.Release|iPhoneSimulator.Build.0 = Release|iPhoneSimulator
		{3DF47E33-D15D-4166-8B49-BC3F46D11C2C}.Debug|Any CPU.ActiveCfg = Debug|Any CPU
		{3DF47E33-D15D-4166-8B49-BC3F46D11C2C}.Debug|Any CPU.Build.0 = Debug|Any CPU
		{3DF47E33-D15D-4166-8B49-BC3F46D11C2C}.Debug|iPhone.ActiveCfg = Debug|Any CPU
		{3DF47E33-D15D-4166-8B49-BC3F46D11C2C}.Debug|iPhone.Build.0 = Debug|Any CPU
		{3DF47E33-D15D-4166-8B49-BC3F46D11C2C}.Debug|iPhoneSimulator.ActiveCfg = Debug|Any CPU
		{3DF47E33-D15D-4166-8B49-BC3F46D11C2C}.Debug|iPhoneSimulator.Build.0 = Debug|Any CPU
		{3DF47E33-D15D-4166-8B49-BC3F46D11C2C}.Release|Any CPU.ActiveCfg = Release|Any CPU
		{3DF47E33-D15D-4166-8B49-BC3F46D11C2C}.Release|Any CPU.Build.0 = Release|Any CPU
		{3DF47E33-D15D-4166-8B49-BC3F46D11C2C}.Release|iPhone.ActiveCfg = Release|Any CPU
		{3DF47E33-D15D-4166-8B49-BC3F46D11C2C}.Release|iPhone.Build.0 = Release|Any CPU
		{3DF47E33-D15D-4166-8B49-BC3F46D11C2C}.Release|iPhoneSimulator.ActiveCfg = Release|Any CPU
		{3DF47E33-D15D-4166-8B49-BC3F46D11C2C}.Release|iPhoneSimulator.Build.0 = Release|Any CPU
	EndGlobalSection
	GlobalSection(SolutionProperties) = preSolution
		HideSolutionNode = FALSE
	EndGlobalSection
	GlobalSection(ExtensibilityGlobals) = postSolution
		SolutionGuid = {570693F1-CF45-48B0-8147-612267AD0182}
	EndGlobalSection
EndGlobal
